// !$*UTF8*$!
{
	archiveVersion = 1;
	classes = {
	};
	objectVersion = 55;
	objects = {

/* Begin PBXBuildFile section */
		F212391D28C685C0006754E3 /* DDHPosition.m in Sources */ = {isa = PBXBuildFile; fileRef = F212391C28C685C0006754E3 /* DDHPosition.m */; };
		F212392028C68705006754E3 /* DDHMove.m in Sources */ = {isa = PBXBuildFile; fileRef = F212391F28C68705006754E3 /* DDHMove.m */; };
		F212392328C7A876006754E3 /* ActionFactory.m in Sources */ = {isa = PBXBuildFile; fileRef = F212392228C7A876006754E3 /* ActionFactory.m */; };
		F240CC7328BE83FE00323A7E /* AppDelegate.m in Sources */ = {isa = PBXBuildFile; fileRef = F240CC7228BE83FE00323A7E /* AppDelegate.m */; };
		F240CC7528BE83FE00323A7E /* art.scnassets in Resources */ = {isa = PBXBuildFile; fileRef = F240CC7428BE83FE00323A7E /* art.scnassets */; };
		F240CC7828BE83FE00323A7E /* GameViewController.m in Sources */ = {isa = PBXBuildFile; fileRef = F240CC7728BE83FE00323A7E /* GameViewController.m */; };
		F240CC7D28BE83FE00323A7E /* Assets.xcassets in Resources */ = {isa = PBXBuildFile; fileRef = F240CC7C28BE83FE00323A7E /* Assets.xcassets */; };
		F240CC8028BE83FE00323A7E /* LaunchScreen.storyboard in Resources */ = {isa = PBXBuildFile; fileRef = F240CC7E28BE83FE00323A7E /* LaunchScreen.storyboard */; };
		F240CC8228BE83FE00323A7E /* main.m in Sources */ = {isa = PBXBuildFile; fileRef = F240CC8128BE83FE00323A7E /* main.m */; };
		F240CC8A28BFBB1100323A7E /* GameNodeFactory.m in Sources */ = {isa = PBXBuildFile; fileRef = F240CC8928BFBB1100323A7E /* GameNodeFactory.m */; };
		F240CC8D28C1E31C00323A7E /* GameBaseView.m in Sources */ = {isa = PBXBuildFile; fileRef = F240CC8C28C1E31C00323A7E /* GameBaseView.m */; };
		F240CC9028C2051800323A7E /* DDHBoard.m in Sources */ = {isa = PBXBuildFile; fileRef = F240CC8F28C2051800323A7E /* DDHBoard.m */; };
		F240CC9428C2085D00323A7E /* DDHSphereNode.m in Sources */ = {isa = PBXBuildFile; fileRef = F240CC9328C2085D00323A7E /* DDHSphereNode.m */; };
		F240CC9828C23CA900323A7E /* GameBaseViewController.m in Sources */ = {isa = PBXBuildFile; fileRef = F240CC9728C23CA900323A7E /* GameBaseViewController.m */; };
		F240CC9B28C359BB00323A7E /* DDHPole.m in Sources */ = {isa = PBXBuildFile; fileRef = F240CC9A28C359BB00323A7E /* DDHPole.m */; };
		F240CC9F28C4858200323A7E /* DDHSphere.m in Sources */ = {isa = PBXBuildFile; fileRef = F240CC9E28C4858200323A7E /* DDHSphere.m */; };
		F240CCAF28C4935500323A7E /* BoardTests.m in Sources */ = {isa = PBXBuildFile; fileRef = F240CCAE28C4935500323A7E /* BoardTests.m */; };
/* End PBXBuildFile section */

/* Begin PBXContainerItemProxy section */
		F240CCA828C4932D00323A7E /* PBXContainerItemProxy */ = {
			isa = PBXContainerItemProxy;
			containerPortal = F240CC6628BE83FD00323A7E /* Project object */;
			proxyType = 1;
			remoteGlobalIDString = F240CC6D28BE83FE00323A7E;
			remoteInfo = ThreeDMill;
		};
/* End PBXContainerItemProxy section */

/* Begin PBXFileReference section */
		F212391B28C685C0006754E3 /* DDHPosition.h */ = {isa = PBXFileReference; lastKnownFileType = sourcecode.c.h; path = DDHPosition.h; sourceTree = "<group>"; };
		F212391C28C685C0006754E3 /* DDHPosition.m */ = {isa = PBXFileReference; lastKnownFileType = sourcecode.c.objc; path = DDHPosition.m; sourceTree = "<group>"; };
		F212391E28C68705006754E3 /* DDHMove.h */ = {isa = PBXFileReference; lastKnownFileType = sourcecode.c.h; path = DDHMove.h; sourceTree = "<group>"; };
		F212391F28C68705006754E3 /* DDHMove.m */ = {isa = PBXFileReference; lastKnownFileType = sourcecode.c.objc; path = DDHMove.m; sourceTree = "<group>"; };
		F212392128C7A876006754E3 /* ActionFactory.h */ = {isa = PBXFileReference; lastKnownFileType = sourcecode.c.h; path = ActionFactory.h; sourceTree = "<group>"; };
		F212392228C7A876006754E3 /* ActionFactory.m */ = {isa = PBXFileReference; lastKnownFileType = sourcecode.c.objc; path = ActionFactory.m; sourceTree = "<group>"; };
		F240CC6E28BE83FE00323A7E /* ThreeDMill.app */ = {isa = PBXFileReference; explicitFileType = wrapper.application; includeInIndex = 0; path = ThreeDMill.app; sourceTree = BUILT_PRODUCTS_DIR; };
		F240CC7128BE83FE00323A7E /* AppDelegate.h */ = {isa = PBXFileReference; lastKnownFileType = sourcecode.c.h; path = AppDelegate.h; sourceTree = "<group>"; };
		F240CC7228BE83FE00323A7E /* AppDelegate.m */ = {isa = PBXFileReference; lastKnownFileType = sourcecode.c.objc; path = AppDelegate.m; sourceTree = "<group>"; };
		F240CC7428BE83FE00323A7E /* art.scnassets */ = {isa = PBXFileReference; lastKnownFileType = wrapper.scnassets; path = art.scnassets; sourceTree = "<group>"; };
		F240CC7628BE83FE00323A7E /* GameViewController.h */ = {isa = PBXFileReference; lastKnownFileType = sourcecode.c.h; path = GameViewController.h; sourceTree = "<group>"; };
		F240CC7728BE83FE00323A7E /* GameViewController.m */ = {isa = PBXFileReference; lastKnownFileType = sourcecode.c.objc; path = GameViewController.m; sourceTree = "<group>"; };
		F240CC7C28BE83FE00323A7E /* Assets.xcassets */ = {isa = PBXFileReference; lastKnownFileType = folder.assetcatalog; path = Assets.xcassets; sourceTree = "<group>"; };
		F240CC7F28BE83FE00323A7E /* Base */ = {isa = PBXFileReference; lastKnownFileType = file.storyboard; name = Base; path = Base.lproj/LaunchScreen.storyboard; sourceTree = "<group>"; };
		F240CC8128BE83FE00323A7E /* main.m */ = {isa = PBXFileReference; lastKnownFileType = sourcecode.c.objc; path = main.m; sourceTree = "<group>"; };
		F240CC8828BFBB1100323A7E /* GameNodeFactory.h */ = {isa = PBXFileReference; lastKnownFileType = sourcecode.c.h; path = GameNodeFactory.h; sourceTree = "<group>"; };
		F240CC8928BFBB1100323A7E /* GameNodeFactory.m */ = {isa = PBXFileReference; lastKnownFileType = sourcecode.c.objc; path = GameNodeFactory.m; sourceTree = "<group>"; };
		F240CC8B28C1E31C00323A7E /* GameBaseView.h */ = {isa = PBXFileReference; lastKnownFileType = sourcecode.c.h; path = GameBaseView.h; sourceTree = "<group>"; };
		F240CC8C28C1E31C00323A7E /* GameBaseView.m */ = {isa = PBXFileReference; lastKnownFileType = sourcecode.c.objc; path = GameBaseView.m; sourceTree = "<group>"; };
		F240CC8E28C2051800323A7E /* DDHBoard.h */ = {isa = PBXFileReference; lastKnownFileType = sourcecode.c.h; path = DDHBoard.h; sourceTree = "<group>"; };
		F240CC8F28C2051800323A7E /* DDHBoard.m */ = {isa = PBXFileReference; lastKnownFileType = sourcecode.c.objc; path = DDHBoard.m; sourceTree = "<group>"; };
		F240CC9228C2085D00323A7E /* DDHSphereNode.h */ = {isa = PBXFileReference; lastKnownFileType = sourcecode.c.h; path = DDHSphereNode.h; sourceTree = "<group>"; };
		F240CC9328C2085D00323A7E /* DDHSphereNode.m */ = {isa = PBXFileReference; lastKnownFileType = sourcecode.c.objc; path = DDHSphereNode.m; sourceTree = "<group>"; };
		F240CC9628C23CA900323A7E /* GameBaseViewController.h */ = {isa = PBXFileReference; lastKnownFileType = sourcecode.c.h; path = GameBaseViewController.h; sourceTree = "<group>"; };
		F240CC9728C23CA900323A7E /* GameBaseViewController.m */ = {isa = PBXFileReference; lastKnownFileType = sourcecode.c.objc; path = GameBaseViewController.m; sourceTree = "<group>"; };
		F240CC9928C359BB00323A7E /* DDHPole.h */ = {isa = PBXFileReference; lastKnownFileType = sourcecode.c.h; path = DDHPole.h; sourceTree = "<group>"; };
		F240CC9A28C359BB00323A7E /* DDHPole.m */ = {isa = PBXFileReference; lastKnownFileType = sourcecode.c.objc; path = DDHPole.m; sourceTree = "<group>"; };
		F240CC9D28C4858200323A7E /* DDHSphere.h */ = {isa = PBXFileReference; lastKnownFileType = sourcecode.c.h; path = DDHSphere.h; sourceTree = "<group>"; };
		F240CC9E28C4858200323A7E /* DDHSphere.m */ = {isa = PBXFileReference; lastKnownFileType = sourcecode.c.objc; path = DDHSphere.m; sourceTree = "<group>"; };
		F240CCA428C4932D00323A7E /* ThreeDMillTests.xctest */ = {isa = PBXFileReference; explicitFileType = wrapper.cfbundle; includeInIndex = 0; path = ThreeDMillTests.xctest; sourceTree = BUILT_PRODUCTS_DIR; };
		F240CCAE28C4935500323A7E /* BoardTests.m */ = {isa = PBXFileReference; lastKnownFileType = sourcecode.c.objc; path = BoardTests.m; sourceTree = "<group>"; };
/* End PBXFileReference section */

/* Begin PBXFrameworksBuildPhase section */
		F240CC6B28BE83FE00323A7E /* Frameworks */ = {
			isa = PBXFrameworksBuildPhase;
			buildActionMask = 2147483647;
			files = (
			);
			runOnlyForDeploymentPostprocessing = 0;
		};
		F240CCA128C4932D00323A7E /* Frameworks */ = {
			isa = PBXFrameworksBuildPhase;
			buildActionMask = 2147483647;
			files = (
			);
			runOnlyForDeploymentPostprocessing = 0;
		};
/* End PBXFrameworksBuildPhase section */

/* Begin PBXGroup section */
		F240CC6528BE83FD00323A7E = {
			isa = PBXGroup;
			children = (
				F240CC7028BE83FE00323A7E /* ThreeDMill */,
				F240CCA528C4932D00323A7E /* ThreeDMillTests */,
				F240CC6F28BE83FE00323A7E /* Products */,
			);
			indentWidth = 4;
			sourceTree = "<group>";
			tabWidth = 4;
		};
		F240CC6F28BE83FE00323A7E /* Products */ = {
			isa = PBXGroup;
			children = (
				F240CC6E28BE83FE00323A7E /* ThreeDMill.app */,
				F240CCA428C4932D00323A7E /* ThreeDMillTests.xctest */,
			);
			name = Products;
			sourceTree = "<group>";
		};
		F240CC7028BE83FE00323A7E /* ThreeDMill */ = {
			isa = PBXGroup;
			children = (
				F240CC7128BE83FE00323A7E /* AppDelegate.h */,
				F240CC7228BE83FE00323A7E /* AppDelegate.m */,
				F240CC7428BE83FE00323A7E /* art.scnassets */,
				F240CC7628BE83FE00323A7E /* GameViewController.h */,
				F240CC7728BE83FE00323A7E /* GameViewController.m */,
				F240CC9628C23CA900323A7E /* GameBaseViewController.h */,
				F240CC9728C23CA900323A7E /* GameBaseViewController.m */,
				F240CC8B28C1E31C00323A7E /* GameBaseView.h */,
				F240CC8C28C1E31C00323A7E /* GameBaseView.m */,
				F240CC9528C2086A00323A7E /* Nodes */,
				F240CC9128C207FE00323A7E /* Model */,
				F240CC8828BFBB1100323A7E /* GameNodeFactory.h */,
				F240CC8928BFBB1100323A7E /* GameNodeFactory.m */,
				F212392128C7A876006754E3 /* ActionFactory.h */,
				F212392228C7A876006754E3 /* ActionFactory.m */,
				F240CC7C28BE83FE00323A7E /* Assets.xcassets */,
				F240CC7E28BE83FE00323A7E /* LaunchScreen.storyboard */,
				F240CC8128BE83FE00323A7E /* main.m */,
			);
			path = ThreeDMill;
			sourceTree = "<group>";
		};
		F240CC9128C207FE00323A7E /* Model */ = {
			isa = PBXGroup;
			children = (
				F240CC8E28C2051800323A7E /* DDHBoard.h */,
				F240CC8F28C2051800323A7E /* DDHBoard.m */,
				F240CC9928C359BB00323A7E /* DDHPole.h */,
				F240CC9A28C359BB00323A7E /* DDHPole.m */,
				F240CC9D28C4858200323A7E /* DDHSphere.h */,
				F240CC9E28C4858200323A7E /* DDHSphere.m */,
				F212391B28C685C0006754E3 /* DDHPosition.h */,
				F212391C28C685C0006754E3 /* DDHPosition.m */,
				F212391E28C68705006754E3 /* DDHMove.h */,
				F212391F28C68705006754E3 /* DDHMove.m */,
			);
			path = Model;
			sourceTree = "<group>";
		};
		F240CC9528C2086A00323A7E /* Nodes */ = {
			isa = PBXGroup;
			children = (
				F240CC9228C2085D00323A7E /* DDHSphereNode.h */,
				F240CC9328C2085D00323A7E /* DDHSphereNode.m */,
			);
			path = Nodes;
			sourceTree = "<group>";
		};
		F240CCA528C4932D00323A7E /* ThreeDMillTests */ = {
			isa = PBXGroup;
			children = (
				F240CCAD28C4933E00323A7E /* Model */,
			);
			path = ThreeDMillTests;
			sourceTree = "<group>";
		};
		F240CCAD28C4933E00323A7E /* Model */ = {
			isa = PBXGroup;
			children = (
				F240CCAE28C4935500323A7E /* BoardTests.m */,
			);
			path = Model;
			sourceTree = "<group>";
		};
/* End PBXGroup section */

/* Begin PBXNativeTarget section */
		F240CC6D28BE83FE00323A7E /* ThreeDMill */ = {
			isa = PBXNativeTarget;
			buildConfigurationList = F240CC8528BE83FE00323A7E /* Build configuration list for PBXNativeTarget "ThreeDMill" */;
			buildPhases = (
				F240CC6A28BE83FE00323A7E /* Sources */,
				F240CC6B28BE83FE00323A7E /* Frameworks */,
				F240CC6C28BE83FE00323A7E /* Resources */,
			);
			buildRules = (
			);
			dependencies = (
			);
			name = ThreeDMill;
			productName = ThreeDMill;
			productReference = F240CC6E28BE83FE00323A7E /* ThreeDMill.app */;
			productType = "com.apple.product-type.application";
		};
		F240CCA328C4932D00323A7E /* ThreeDMillTests */ = {
			isa = PBXNativeTarget;
			buildConfigurationList = F240CCAA28C4932D00323A7E /* Build configuration list for PBXNativeTarget "ThreeDMillTests" */;
			buildPhases = (
				F240CCA028C4932D00323A7E /* Sources */,
				F240CCA128C4932D00323A7E /* Frameworks */,
				F240CCA228C4932D00323A7E /* Resources */,
			);
			buildRules = (
			);
			dependencies = (
				F240CCA928C4932D00323A7E /* PBXTargetDependency */,
			);
			name = ThreeDMillTests;
			productName = ThreeDMillTests;
			productReference = F240CCA428C4932D00323A7E /* ThreeDMillTests.xctest */;
			productType = "com.apple.product-type.bundle.unit-test";
		};
/* End PBXNativeTarget section */

/* Begin PBXProject section */
		F240CC6628BE83FD00323A7E /* Project object */ = {
			isa = PBXProject;
			attributes = {
				BuildIndependentTargetsInParallel = 1;
				LastUpgradeCheck = 1340;
				TargetAttributes = {
					F240CC6D28BE83FE00323A7E = {
						CreatedOnToolsVersion = 13.4.1;
					};
					F240CCA328C4932D00323A7E = {
						CreatedOnToolsVersion = 13.4.1;
						TestTargetID = F240CC6D28BE83FE00323A7E;
					};
				};
			};
			buildConfigurationList = F240CC6928BE83FD00323A7E /* Build configuration list for PBXProject "ThreeDMill" */;
			compatibilityVersion = "Xcode 13.0";
			developmentRegion = en;
			hasScannedForEncodings = 0;
			knownRegions = (
				en,
				Base,
			);
			mainGroup = F240CC6528BE83FD00323A7E;
			productRefGroup = F240CC6F28BE83FE00323A7E /* Products */;
			projectDirPath = "";
			projectRoot = "";
			targets = (
				F240CC6D28BE83FE00323A7E /* ThreeDMill */,
				F240CCA328C4932D00323A7E /* ThreeDMillTests */,
			);
		};
/* End PBXProject section */

/* Begin PBXResourcesBuildPhase section */
		F240CC6C28BE83FE00323A7E /* Resources */ = {
			isa = PBXResourcesBuildPhase;
			buildActionMask = 2147483647;
			files = (
				F240CC7528BE83FE00323A7E /* art.scnassets in Resources */,
				F240CC8028BE83FE00323A7E /* LaunchScreen.storyboard in Resources */,
				F240CC7D28BE83FE00323A7E /* Assets.xcassets in Resources */,
			);
			runOnlyForDeploymentPostprocessing = 0;
		};
		F240CCA228C4932D00323A7E /* Resources */ = {
			isa = PBXResourcesBuildPhase;
			buildActionMask = 2147483647;
			files = (
			);
			runOnlyForDeploymentPostprocessing = 0;
		};
/* End PBXResourcesBuildPhase section */

/* Begin PBXSourcesBuildPhase section */
		F240CC6A28BE83FE00323A7E /* Sources */ = {
			isa = PBXSourcesBuildPhase;
			buildActionMask = 2147483647;
			files = (
				F240CC9028C2051800323A7E /* DDHBoard.m in Sources */,
				F240CC8A28BFBB1100323A7E /* GameNodeFactory.m in Sources */,
				F240CC9428C2085D00323A7E /* DDHSphereNode.m in Sources */,
				F212392328C7A876006754E3 /* ActionFactory.m in Sources */,
				F240CC7828BE83FE00323A7E /* GameViewController.m in Sources */,
				F212392028C68705006754E3 /* DDHMove.m in Sources */,
				F240CC8D28C1E31C00323A7E /* GameBaseView.m in Sources */,
				F240CC9F28C4858200323A7E /* DDHSphere.m in Sources */,
				F240CC8228BE83FE00323A7E /* main.m in Sources */,
				F240CC9B28C359BB00323A7E /* DDHPole.m in Sources */,
				F240CC7328BE83FE00323A7E /* AppDelegate.m in Sources */,
				F212391D28C685C0006754E3 /* DDHPosition.m in Sources */,
				F240CC9828C23CA900323A7E /* GameBaseViewController.m in Sources */,
			);
			runOnlyForDeploymentPostprocessing = 0;
		};
		F240CCA028C4932D00323A7E /* Sources */ = {
			isa = PBXSourcesBuildPhase;
			buildActionMask = 2147483647;
			files = (
				F240CCAF28C4935500323A7E /* BoardTests.m in Sources */,
			);
			runOnlyForDeploymentPostprocessing = 0;
		};
/* End PBXSourcesBuildPhase section */

/* Begin PBXTargetDependency section */
		F240CCA928C4932D00323A7E /* PBXTargetDependency */ = {
			isa = PBXTargetDependency;
			target = F240CC6D28BE83FE00323A7E /* ThreeDMill */;
			targetProxy = F240CCA828C4932D00323A7E /* PBXContainerItemProxy */;
		};
/* End PBXTargetDependency section */

/* Begin PBXVariantGroup section */
		F240CC7E28BE83FE00323A7E /* LaunchScreen.storyboard */ = {
			isa = PBXVariantGroup;
			children = (
				F240CC7F28BE83FE00323A7E /* Base */,
			);
			name = LaunchScreen.storyboard;
			sourceTree = "<group>";
		};
/* End PBXVariantGroup section */

/* Begin XCBuildConfiguration section */
		F240CC8328BE83FE00323A7E /* Debug */ = {
			isa = XCBuildConfiguration;
			buildSettings = {
				ALWAYS_SEARCH_USER_PATHS = NO;
				CLANG_ANALYZER_NONNULL = YES;
				CLANG_ANALYZER_NUMBER_OBJECT_CONVERSION = YES_AGGRESSIVE;
				CLANG_CXX_LANGUAGE_STANDARD = "gnu++17";
				CLANG_ENABLE_MODULES = YES;
				CLANG_ENABLE_OBJC_ARC = YES;
				CLANG_ENABLE_OBJC_WEAK = YES;
				CLANG_WARN_BLOCK_CAPTURE_AUTORELEASING = YES;
				CLANG_WARN_BOOL_CONVERSION = YES;
				CLANG_WARN_COMMA = YES;
				CLANG_WARN_CONSTANT_CONVERSION = YES;
				CLANG_WARN_DEPRECATED_OBJC_IMPLEMENTATIONS = YES;
				CLANG_WARN_DIRECT_OBJC_ISA_USAGE = YES_ERROR;
				CLANG_WARN_DOCUMENTATION_COMMENTS = YES;
				CLANG_WARN_EMPTY_BODY = YES;
				CLANG_WARN_ENUM_CONVERSION = YES;
				CLANG_WARN_INFINITE_RECURSION = YES;
				CLANG_WARN_INT_CONVERSION = YES;
				CLANG_WARN_NON_LITERAL_NULL_CONVERSION = YES;
				CLANG_WARN_OBJC_IMPLICIT_RETAIN_SELF = YES;
				CLANG_WARN_OBJC_LITERAL_CONVERSION = YES;
				CLANG_WARN_OBJC_ROOT_CLASS = YES_ERROR;
				CLANG_WARN_QUOTED_INCLUDE_IN_FRAMEWORK_HEADER = YES;
				CLANG_WARN_RANGE_LOOP_ANALYSIS = YES;
				CLANG_WARN_STRICT_PROTOTYPES = YES;
				CLANG_WARN_SUSPICIOUS_MOVE = YES;
				CLANG_WARN_UNGUARDED_AVAILABILITY = YES_AGGRESSIVE;
				CLANG_WARN_UNREACHABLE_CODE = YES;
				CLANG_WARN__DUPLICATE_METHOD_MATCH = YES;
				COPY_PHASE_STRIP = NO;
				DEBUG_INFORMATION_FORMAT = dwarf;
				ENABLE_STRICT_OBJC_MSGSEND = YES;
				ENABLE_TESTABILITY = YES;
				GCC_C_LANGUAGE_STANDARD = gnu11;
				GCC_DYNAMIC_NO_PIC = NO;
				GCC_NO_COMMON_BLOCKS = YES;
				GCC_OPTIMIZATION_LEVEL = 0;
				GCC_PREPROCESSOR_DEFINITIONS = (
					"DEBUG=1",
					"$(inherited)",
				);
				GCC_WARN_64_TO_32_BIT_CONVERSION = YES;
				GCC_WARN_ABOUT_RETURN_TYPE = YES_ERROR;
				GCC_WARN_UNDECLARED_SELECTOR = YES;
				GCC_WARN_UNINITIALIZED_AUTOS = YES_AGGRESSIVE;
				GCC_WARN_UNUSED_FUNCTION = YES;
				GCC_WARN_UNUSED_VARIABLE = YES;
				IPHONEOS_DEPLOYMENT_TARGET = 15.5;
				MTL_ENABLE_DEBUG_INFO = INCLUDE_SOURCE;
				MTL_FAST_MATH = YES;
				ONLY_ACTIVE_ARCH = YES;
				SDKROOT = iphoneos;
			};
			name = Debug;
		};
		F240CC8428BE83FE00323A7E /* Release */ = {
			isa = XCBuildConfiguration;
			buildSettings = {
				ALWAYS_SEARCH_USER_PATHS = NO;
				CLANG_ANALYZER_NONNULL = YES;
				CLANG_ANALYZER_NUMBER_OBJECT_CONVERSION = YES_AGGRESSIVE;
				CLANG_CXX_LANGUAGE_STANDARD = "gnu++17";
				CLANG_ENABLE_MODULES = YES;
				CLANG_ENABLE_OBJC_ARC = YES;
				CLANG_ENABLE_OBJC_WEAK = YES;
				CLANG_WARN_BLOCK_CAPTURE_AUTORELEASING = YES;
				CLANG_WARN_BOOL_CONVERSION = YES;
				CLANG_WARN_COMMA = YES;
				CLANG_WARN_CONSTANT_CONVERSION = YES;
				CLANG_WARN_DEPRECATED_OBJC_IMPLEMENTATIONS = YES;
				CLANG_WARN_DIRECT_OBJC_ISA_USAGE = YES_ERROR;
				CLANG_WARN_DOCUMENTATION_COMMENTS = YES;
				CLANG_WARN_EMPTY_BODY = YES;
				CLANG_WARN_ENUM_CONVERSION = YES;
				CLANG_WARN_INFINITE_RECURSION = YES;
				CLANG_WARN_INT_CONVERSION = YES;
				CLANG_WARN_NON_LITERAL_NULL_CONVERSION = YES;
				CLANG_WARN_OBJC_IMPLICIT_RETAIN_SELF = YES;
				CLANG_WARN_OBJC_LITERAL_CONVERSION = YES;
				CLANG_WARN_OBJC_ROOT_CLASS = YES_ERROR;
				CLANG_WARN_QUOTED_INCLUDE_IN_FRAMEWORK_HEADER = YES;
				CLANG_WARN_RANGE_LOOP_ANALYSIS = YES;
				CLANG_WARN_STRICT_PROTOTYPES = YES;
				CLANG_WARN_SUSPICIOUS_MOVE = YES;
				CLANG_WARN_UNGUARDED_AVAILABILITY = YES_AGGRESSIVE;
				CLANG_WARN_UNREACHABLE_CODE = YES;
				CLANG_WARN__DUPLICATE_METHOD_MATCH = YES;
				COPY_PHASE_STRIP = NO;
				DEBUG_INFORMATION_FORMAT = "dwarf-with-dsym";
				ENABLE_NS_ASSERTIONS = NO;
				ENABLE_STRICT_OBJC_MSGSEND = YES;
				GCC_C_LANGUAGE_STANDARD = gnu11;
				GCC_NO_COMMON_BLOCKS = YES;
				GCC_WARN_64_TO_32_BIT_CONVERSION = YES;
				GCC_WARN_ABOUT_RETURN_TYPE = YES_ERROR;
				GCC_WARN_UNDECLARED_SELECTOR = YES;
				GCC_WARN_UNINITIALIZED_AUTOS = YES_AGGRESSIVE;
				GCC_WARN_UNUSED_FUNCTION = YES;
				GCC_WARN_UNUSED_VARIABLE = YES;
				IPHONEOS_DEPLOYMENT_TARGET = 15.5;
				MTL_ENABLE_DEBUG_INFO = NO;
				MTL_FAST_MATH = YES;
				SDKROOT = iphoneos;
				VALIDATE_PRODUCT = YES;
			};
			name = Release;
		};
		F240CC8628BE83FE00323A7E /* Debug */ = {
			isa = XCBuildConfiguration;
			buildSettings = {
				ASSETCATALOG_COMPILER_APPICON_NAME = AppIcon;
				ASSETCATALOG_COMPILER_GLOBAL_ACCENT_COLOR_NAME = AccentColor;
				CODE_SIGN_STYLE = Automatic;
				CURRENT_PROJECT_VERSION = 1;
				DEVELOPMENT_TEAM = Q6PD97MRX4;
				GENERATE_INFOPLIST_FILE = YES;
				INFOPLIST_KEY_UIApplicationSupportsIndirectInputEvents = YES;
				INFOPLIST_KEY_UILaunchStoryboardName = LaunchScreen;
				INFOPLIST_KEY_UIStatusBarHidden = YES;
				INFOPLIST_KEY_UISupportedInterfaceOrientations_iPad = "UIInterfaceOrientationPortrait UIInterfaceOrientationPortraitUpsideDown UIInterfaceOrientationLandscapeLeft UIInterfaceOrientationLandscapeRight";
				INFOPLIST_KEY_UISupportedInterfaceOrientations_iPhone = "UIInterfaceOrientationPortrait UIInterfaceOrientationLandscapeLeft UIInterfaceOrientationLandscapeRight";
				LD_RUNPATH_SEARCH_PATHS = (
					"$(inherited)",
					"@executable_path/Frameworks",
				);
				MARKETING_VERSION = 1.0;
				PRODUCT_BUNDLE_IDENTIFIER = de.dasdom.ThreeDMill;
				PRODUCT_NAME = "$(TARGET_NAME)";
				SWIFT_EMIT_LOC_STRINGS = YES;
				TARGETED_DEVICE_FAMILY = "1,2";
			};
			name = Debug;
		};
		F240CC8728BE83FE00323A7E /* Release */ = {
			isa = XCBuildConfiguration;
			buildSettings = {
				ASSETCATALOG_COMPILER_APPICON_NAME = AppIcon;
				ASSETCATALOG_COMPILER_GLOBAL_ACCENT_COLOR_NAME = AccentColor;
				CODE_SIGN_STYLE = Automatic;
				CURRENT_PROJECT_VERSION = 1;
				DEVELOPMENT_TEAM = Q6PD97MRX4;
				GENERATE_INFOPLIST_FILE = YES;
				INFOPLIST_KEY_UIApplicationSupportsIndirectInputEvents = YES;
				INFOPLIST_KEY_UILaunchStoryboardName = LaunchScreen;
				INFOPLIST_KEY_UIStatusBarHidden = YES;
				INFOPLIST_KEY_UISupportedInterfaceOrientations_iPad = "UIInterfaceOrientationPortrait UIInterfaceOrientationPortraitUpsideDown UIInterfaceOrientationLandscapeLeft UIInterfaceOrientationLandscapeRight";
				INFOPLIST_KEY_UISupportedInterfaceOrientations_iPhone = "UIInterfaceOrientationPortrait UIInterfaceOrientationLandscapeLeft UIInterfaceOrientationLandscapeRight";
				LD_RUNPATH_SEARCH_PATHS = (
					"$(inherited)",
					"@executable_path/Frameworks",
				);
				MARKETING_VERSION = 1.0;
				PRODUCT_BUNDLE_IDENTIFIER = de.dasdom.ThreeDMill;
				PRODUCT_NAME = "$(TARGET_NAME)";
				SWIFT_EMIT_LOC_STRINGS = YES;
				TARGETED_DEVICE_FAMILY = "1,2";
			};
			name = Release;
		};
		F240CCAB28C4932D00323A7E /* Debug */ = {
			isa = XCBuildConfiguration;
			buildSettings = {
				BUNDLE_LOADER = "$(TEST_HOST)";
				CODE_SIGN_STYLE = Automatic;
				CURRENT_PROJECT_VERSION = 1;
				DEVELOPMENT_TEAM = Q6PD97MRX4;
				GENERATE_INFOPLIST_FILE = YES;
				MARKETING_VERSION = 1.0;
				PRODUCT_BUNDLE_IDENTIFIER = de.dasdom.ThreeDMillTests;
				PRODUCT_NAME = "$(TARGET_NAME)";
				SWIFT_EMIT_LOC_STRINGS = NO;
				TARGETED_DEVICE_FAMILY = "1,2";
				TEST_HOST = "$(BUILT_PRODUCTS_DIR)/ThreeDMill.app/ThreeDMill";
			};
			name = Debug;
		};
		F240CCAC28C4932D00323A7E /* Release */ = {
			isa = XCBuildConfiguration;
			buildSettings = {
				BUNDLE_LOADER = "$(TEST_HOST)";
				CODE_SIGN_STYLE = Automatic;
				CURRENT_PROJECT_VERSION = 1;
				DEVELOPMENT_TEAM = Q6PD97MRX4;
				GENERATE_INFOPLIST_FILE = YES;
				MARKETING_VERSION = 1.0;
				PRODUCT_BUNDLE_IDENTIFIER = de.dasdom.ThreeDMillTests;
				PRODUCT_NAME = "$(TARGET_NAME)";
				SWIFT_EMIT_LOC_STRINGS = NO;
				TARGETED_DEVICE_FAMILY = "1,2";
				TEST_HOST = "$(BUILT_PRODUCTS_DIR)/ThreeDMill.app/ThreeDMill";
			};
			name = Release;
		};
/* End XCBuildConfiguration section */

/* Begin XCConfigurationList section */
		F240CC6928BE83FD00323A7E /* Build configuration list for PBXProject "ThreeDMill" */ = {
			isa = XCConfigurationList;
			buildConfigurations = (
				F240CC8328BE83FE00323A7E /* Debug */,
				F240CC8428BE83FE00323A7E /* Release */,
			);
			defaultConfigurationIsVisible = 0;
			defaultConfigurationName = Release;
		};
		F240CC8528BE83FE00323A7E /* Build configuration list for PBXNativeTarget "ThreeDMill" */ = {
			isa = XCConfigurationList;
			buildConfigurations = (
				F240CC8628BE83FE00323A7E /* Debug */,
				F240CC8728BE83FE00323A7E /* Release */,
			);
			defaultConfigurationIsVisible = 0;
			defaultConfigurationName = Release;
		};
		F240CCAA28C4932D00323A7E /* Build configuration list for PBXNativeTarget "ThreeDMillTests" */ = {
			isa = XCConfigurationList;
			buildConfigurations = (
				F240CCAB28C4932D00323A7E /* Debug */,
				F240CCAC28C4932D00323A7E /* Release */,
			);
			defaultConfigurationIsVisible = 0;
			defaultConfigurationName = Release;
		};
/* End XCConfigurationList section */
	};
	rootObject = F240CC6628BE83FD00323A7E /* Project object */;
}
